
Microsoft Visual Studio Solution File, Format Version 12.00
# Visual Studio Version 16
VisualStudioVersion = 16.0.30128.74
MinimumVisualStudioVersion = 10.0.40219.1
Project("{FAE04EC0-301F-11D3-BF4B-00C04F79EFBC}") = "FastDostavka", "FastDostavka\FastDostavka.csproj", "{B05BA98B-0575-4962-B08A-69253BE5F59D}"
EndProject
Global
	GlobalSection(SolutionConfigurationPlatforms) = preSolution
		Debug|Any CPU = Debug|Any CPU
		Release|Any CPU = Release|Any CPU
	EndGlobalSection
	GlobalSection(ProjectConfigurationPlatforms) = postSolution
		{B05BA98B-0575-4962-B08A-69253BE5F59D}.Debug|Any CPU.ActiveCfg = Debug|Any CPU
		{B05BA98B-0575-4962-B08A-69253BE5F59D}.Debug|Any CPU.Build.0 = Debug|Any CPU
		{B05BA98B-0575-4962-B08A-69253BE5F59D}.Release|Any CPU.ActiveCfg = Release|Any CPU
		{B05BA98B-0575-4962-B08A-69253BE5F59D}.Release|Any CPU.Build.0 = Release|Any CPU
	EndGlobalSection
	GlobalSection(SolutionProperties) = preSolution
		HideSolutionNode = FALSE
	EndGlobalSection
	GlobalSection(ExtensibilityGlobals) = postSolution
		SolutionGuid = {F5B5CAEB-2D00-4361-A6E0-00D921C00086}
	EndGlobalSection
EndGlobal
